
Microsoft Visual Studio Solution File, Format Version 12.00
# Visual Studio Version 17
VisualStudioVersion = 17.8.34330.188
MinimumVisualStudioVersion = 10.0.40219.1
Project("{FAE04EC0-301F-11D3-BF4B-00C04F79EFBC}") = "TextEditing", "TextEditing\TextEditing.csproj", "{7DE5E908-2DDE-4ED7-8397-3E6200EC9B10}"
EndProject
Global
	GlobalSection(SolutionConfigurationPlatforms) = preSolution
		Debug|Any CPU = Debug|Any CPU
		Release|Any CPU = Release|Any CPU
	EndGlobalSection
	GlobalSection(ProjectConfigurationPlatforms) = postSolution
		{7DE5E908-2DDE-4ED7-8397-3E6200EC9B10}.Debug|Any CPU.ActiveCfg = Debug|Any CPU
		{7DE5E908-2DDE-4ED7-8397-3E6200EC9B10}.Debug|Any CPU.Build.0 = Debug|Any CPU
		{7DE5E908-2DDE-4ED7-8397-3E6200EC9B10}.Release|Any CPU.ActiveCfg = Release|Any CPU
		{7DE5E908-2DDE-4ED7-8397-3E6200EC9B10}.Release|Any CPU.Build.0 = Release|Any CPU
	EndGlobalSection
	GlobalSection(SolutionProperties) = preSolution
		HideSolutionNode = FALSE
	EndGlobalSection
	GlobalSection(ExtensibilityGlobals) = postSolution
		SolutionGuid = {D71DD5EC-7BE3-4522-942C-E2C239A40769}
	EndGlobalSection
EndGlobal
